
Microsoft Visual Studio Solution File, Format Version 12.00
# Visual Studio Version 16
VisualStudioVersion = 16.0.32802.440
MinimumVisualStudioVersion = 10.0.40219.1
Project("{FAE04EC0-301F-11D3-BF4B-00C04F79EFBC}") = "BookStore.API", "BookStore.API\BookStore.API.csproj", "{CA465930-C46D-4BF7-BF51-52D4F1F275EC}"
EndProject
Global
	GlobalSection(SolutionConfigurationPlatforms) = preSolution
		Debug|Any CPU = Debug|Any CPU
		Release|Any CPU = Release|Any CPU
	EndGlobalSection
	GlobalSection(ProjectConfigurationPlatforms) = postSolution
		{CA465930-C46D-4BF7-BF51-52D4F1F275EC}.Debug|Any CPU.ActiveCfg = Debug|Any CPU
		{CA465930-C46D-4BF7-BF51-52D4F1F275EC}.Debug|Any CPU.Build.0 = Debug|Any CPU
		{CA465930-C46D-4BF7-BF51-52D4F1F275EC}.Release|Any CPU.ActiveCfg = Release|Any CPU
		{CA465930-C46D-4BF7-BF51-52D4F1F275EC}.Release|Any CPU.Build.0 = Release|Any CPU
	EndGlobalSection
	GlobalSection(SolutionProperties) = preSolution
		HideSolutionNode = FALSE
	EndGlobalSection
	GlobalSection(ExtensibilityGlobals) = postSolution
		SolutionGuid = {F06449ED-04FF-4D57-AF14-14456D016779}
	EndGlobalSection
EndGlobal
